
Microsoft Visual Studio Solution File, Format Version 11.00
# Visual C++ Express 2010
Project("{8BC9CEB8-8B4A-11D0-8D11-00A0C91BC942}") = "kqtest", "kqtest.vcxproj", "{7578F752-17DD-C6A5-C895-A00098131EEA}"
EndProject
Global
	GlobalSection(SolutionConfigurationPlatforms) = preSolution
		Debug|Win32 = Debug|Win32
		Release|Win32 = Release|Win32
	EndGlobalSection
	GlobalSection(ProjectConfigurationPlatforms) = postSolution
		{7578F752-17DD-C6A5-C895-A00098131EEA}.Debug|Win32.ActiveCfg = Debug|Win32
		{7578F752-17DD-C6A5-C895-A00098131EEA}.Debug|Win32.Build.0 = Debug|Win32
		{7578F752-17DD-C6A5-C895-A00098131EEA}.Release|Win32.ActiveCfg = Release|Win32
		{7578F752-17DD-C6A5-C895-A00098131EEA}.Release|Win32.Build.0 = Release|Win32
	EndGlobalSection
	GlobalSection(SolutionProperties) = preSolution
		HideSolutionNode = FALSE
	EndGlobalSection
EndGlobal
