<?xml version="1.0" encoding="utf-8"?>
<Project ToolsVersion="4.0" xmlns="http://schemas.microsoft.com/developer/msbuild/2003">
  <ItemGroup>
    <ClCompile Include="src\common\map.c">
      <Filter>common</Filter>
    </ClCompile>
    <ClCompile Include="src\common\filter.c">
      <Filter>common</Filter>
    </ClCompile>
    <ClCompile Include="src\common\kevent.c">
      <Filter>common</Filter>
    </ClCompile>
    <ClCompile Include="src\common\knote.c">
      <Filter>common</Filter>
    </ClCompile>
    <ClCompile Include="src\common\kqueue.c">
      <Filter>common</Filter>
    </ClCompile>
    <ClCompile Include="src\windows\user.c">
      <Filter>windows</Filter>
    </ClCompile>
    <ClCompile Include="src\windows\event_loop.c">
      <Filter>windows</Filter>
    </ClCompile>
    <ClCompile Include="src\windows\platform.c">
      <Filter>windows</Filter>
    </ClCompile>
    <ClCompile Include="src\windows\read.c">
      <Filter>windows</Filter>
    </ClCompile>
    <ClCompile Include="src\windows\timer.c">
      <Filter>windows</Filter>
    </ClCompile>
  </ItemGroup>
  <ItemGroup>
    <ClInclude Include="src\common\tree.h">
      <Filter>common</Filter>
    </ClInclude>
    <ClInclude Include="src\common\debug.h">
      <Filter>common</Filter>
    </ClInclude>
    <ClInclude Include="src\common\private.h">
      <Filter>common</Filter>
    </ClInclude>
    <ClInclude Include="src\common\queue.h">
      <Filter>common</Filter>
    </ClInclude>
    <ClInclude Include="src\windows\event_loop.h">
      <Filter>windows</Filter>
    </ClInclude>
    <ClInclude Include="include\kqueue.h">
      <Filter>windows</Filter>
    </ClInclude>
    <ClInclude Include="src\windows\platform.h">
      <Filter>windows</Filter>
    </ClInclude>
    <ClInclude Include="include\sys\event.h" />
  </ItemGroup>
  <ItemGroup>
    <Filter Include="common">
      <UniqueIdentifier>{d00529d5-005e-4a55-950f-987dc27e5101}</UniqueIdentifier>
    </Filter>
    <Filter Include="windows">
      <UniqueIdentifier>{11f5eddb-b2fe-4fc5-9733-f52ee80e8a4c}</UniqueIdentifier>
    </Filter>
  </ItemGroup>
</Project>